lockfileVersion: '9.0'

settings:
  autoInstallPeers: true
  excludeLinksFromLockfile: false

importers:

  .:
    dependencies:
      '@anthropic-ai/claude-code':
        specifier: ^1.0.31
        version: 1.0.31
    devDependencies:
      '@biomejs/biome':
        specifier: ^2.0.4
        version: 2.0.4
      '@types/node':
        specifier: ^24.0.3
        version: 24.0.3
      oxlint:
        specifier: ^1.2.0
        version: 1.2.0
      typescript:
        specifier: ^5.8.3
        version: 5.8.3

packages:

  '@anthropic-ai/claude-code@1.0.31':
    resolution: {integrity: sha512-prn3DEIBm5ALgCjp0sCcXwNbfBR5w98bEOXQbWViow/3BwkTgW784V8i0S/kfIWDVorz0o4cqR5D0fB4hbjNIg==}
    engines: {node: '>=18.0.0'}
    hasBin: true

  '@biomejs/biome@2.0.4':
    resolution: {integrity: sha512-DNA++xe+E7UugTvI/HhzSFl6OwrVgU8SIV0Mb2fPtWPk2/oTr4eOSA5xy1JECrvgJeYxurmUBOS49qxv/OUkrQ==}
    engines: {node: '>=14.21.3'}
    hasBin: true

  '@biomejs/cli-darwin-arm64@2.0.4':
    resolution: {integrity: sha512-r5McIUMMiedwJ2rltuXhj0+w0W7IJLpkOS+OGCVZQQOOcrGY9gUSUmOo7O6Z7P0vlv5YYZkPbi+qR9MDDWRBSw==}
    engines: {node: '>=14.21.3'}
    cpu: [arm64]
    os: [darwin]

  '@biomejs/cli-darwin-x64@2.0.4':
    resolution: {integrity: sha512-aV5Zc/3E3aXFbrjK1IgCMEQc+6PCkBL+NS+vtjoNM2VPFeM5OL5Q82BI4YZyPnebj+k42BPIoYtz0jJ95PGRRg==}
    engines: {node: '>=14.21.3'}
    cpu: [x64]
    os: [darwin]

  '@biomejs/cli-linux-arm64-musl@2.0.4':
    resolution: {integrity: sha512-cNukq2PthoOa7quqaKoEFz4Zd1pDPJGfTR5jVyk9Z9iFHEm6TI7+7eeIs3aYcEuuJPNFR9xhJ4Uj3E2iUWkV3A==}
    engines: {node: '>=14.21.3'}
    cpu: [arm64]
    os: [linux]

  '@biomejs/cli-linux-arm64@2.0.4':
    resolution: {integrity: sha512-nlJhf7DyuajMj+S7Ygum59cbrHvI/nSRvedfJcEIx4X7SsiZjpRUiC5XtEn77kg7NIKq/KqG5roQIHkmjuFHCw==}
    engines: {node: '>=14.21.3'}
    cpu: [arm64]
    os: [linux]

  '@biomejs/cli-linux-x64-musl@2.0.4':
    resolution: {integrity: sha512-oWQALSbp8xF0t/wiHU2zdkZOpIHyaI9QxQv0Ytty9GAKsCGP6pczp8qyKD/P49iGJdDozHp5KiuQPxs33APhyA==}
    engines: {node: '>=14.21.3'}
    cpu: [x64]
    os: [linux]

  '@biomejs/cli-linux-x64@2.0.4':
    resolution: {integrity: sha512-jlzrNZ+OzN9wvp2RL3cl5Y4NiV7xSU+QV5A8bWXke1on3jKy7QbXajybSjVQ6aFw1gdrqkO/W8xV5HODhIMT4g==}
    engines: {node: '>=14.21.3'}
    cpu: [x64]
    os: [linux]

  '@biomejs/cli-win32-arm64@2.0.4':
    resolution: {integrity: sha512-/PbNhMJo9ONja7hOxLlifM/qgeHpRD9bF2flTz5KIrXnQqpuegaRuwP/HYdJ9TFkTKFjHkPLoE4onOz3HIT5CQ==}
    engines: {node: '>=14.21.3'}
    cpu: [arm64]
    os: [win32]

  '@biomejs/cli-win32-x64@2.0.4':
    resolution: {integrity: sha512-dIM4SgO4/Rmsb4X7fwKtciQ682SZDSC1lm42uSM9gt8zNqBIeTaqsMc6eO1DpxYWMlAb/n2SML9+HUHmCib7NA==}
    engines: {node: '>=14.21.3'}
    cpu: [x64]
    os: [win32]

  '@img/sharp-darwin-arm64@0.33.5':
    resolution: {integrity: sha512-UT4p+iz/2H4twwAoLCqfA9UH5pI6DggwKEGuaPy7nCVQ8ZsiY5PIcrRvD1DzuY3qYL07NtIQcWnBSY/heikIFQ==}
    engines: {node: ^18.17.0 || ^20.3.0 || >=21.0.0}
    cpu: [arm64]
    os: [darwin]

  '@img/sharp-darwin-x64@0.33.5':
    resolution: {integrity: sha512-fyHac4jIc1ANYGRDxtiqelIbdWkIuQaI84Mv45KvGRRxSAa7o7d1ZKAOBaYbnepLC1WqxfpimdeWfvqqSGwR2Q==}
    engines: {node: ^18.17.0 || ^20.3.0 || >=21.0.0}
    cpu: [x64]
    os: [darwin]

  '@img/sharp-libvips-darwin-arm64@1.0.4':
    resolution: {integrity: sha512-XblONe153h0O2zuFfTAbQYAX2JhYmDHeWikp1LM9Hul9gVPjFY427k6dFEcOL72O01QxQsWi761svJ/ev9xEDg==}
    cpu: [arm64]
    os: [darwin]

  '@img/sharp-libvips-darwin-x64@1.0.4':
    resolution: {integrity: sha512-xnGR8YuZYfJGmWPvmlunFaWJsb9T/AO2ykoP3Fz/0X5XV2aoYBPkX6xqCQvUTKKiLddarLaxpzNe+b1hjeWHAQ==}
    cpu: [x64]
    os: [darwin]

  '@img/sharp-libvips-linux-arm64@1.0.4':
    resolution: {integrity: sha512-9B+taZ8DlyyqzZQnoeIvDVR/2F4EbMepXMc/NdVbkzsJbzkUjhXv/70GQJ7tdLA4YJgNP25zukcxpX2/SueNrA==}
    cpu: [arm64]
    os: [linux]

  '@img/sharp-libvips-linux-arm@1.0.5':
    resolution: {integrity: sha512-gvcC4ACAOPRNATg/ov8/MnbxFDJqf/pDePbBnuBDcjsI8PssmjoKMAz4LtLaVi+OnSb5FK/yIOamqDwGmXW32g==}
    cpu: [arm]
    os: [linux]

  '@img/sharp-libvips-linux-x64@1.0.4':
    resolution: {integrity: sha512-MmWmQ3iPFZr0Iev+BAgVMb3ZyC4KeFc3jFxnNbEPas60e1cIfevbtuyf9nDGIzOaW9PdnDciJm+wFFaTlj5xYw==}
    cpu: [x64]
    os: [linux]

  '@img/sharp-linux-arm64@0.33.5':
    resolution: {integrity: sha512-JMVv+AMRyGOHtO1RFBiJy/MBsgz0x4AWrT6QoEVVTyh1E39TrCUpTRI7mx9VksGX4awWASxqCYLCV4wBZHAYxA==}
    engines: {node: ^18.17.0 || ^20.3.0 || >=21.0.0}
    cpu: [arm64]
    os: [linux]

  '@img/sharp-linux-arm@0.33.5':
    resolution: {integrity: sha512-JTS1eldqZbJxjvKaAkxhZmBqPRGmxgu+qFKSInv8moZ2AmT5Yib3EQ1c6gp493HvrvV8QgdOXdyaIBrhvFhBMQ==}
    engines: {node: ^18.17.0 || ^20.3.0 || >=21.0.0}
    cpu: [arm]
    os: [linux]

  '@img/sharp-linux-x64@0.33.5':
    resolution: {integrity: sha512-opC+Ok5pRNAzuvq1AG0ar+1owsu842/Ab+4qvU879ippJBHvyY5n2mxF1izXqkPYlGuP/M556uh53jRLJmzTWA==}
    engines: {node: ^18.17.0 || ^20.3.0 || >=21.0.0}
    cpu: [x64]
    os: [linux]

  '@img/sharp-win32-x64@0.33.5':
    resolution: {integrity: sha512-MpY/o8/8kj+EcnxwvrP4aTJSWw/aZ7JIGR4aBeZkZw5B7/Jn+tY9/VNwtcoGmdT7GfggGIU4kygOMSbYnOrAbg==}
    engines: {node: ^18.17.0 || ^20.3.0 || >=21.0.0}
    cpu: [x64]
    os: [win32]

  '@oxlint/darwin-arm64@1.2.0':
    resolution: {integrity: sha512-DsdZPp59sPPmuI6pR6MP1QepWWkpibFhVmRXa7ZOUobxxubUBg12SVCchAI1Iq8jejcAg9/XHXsRFpuny2LawQ==}
    cpu: [arm64]
    os: [darwin]

  '@oxlint/darwin-x64@1.2.0':
    resolution: {integrity: sha512-SN4lUlpGyFfGph+quUuGhEAyBMB87CgnFEK2bk3Lo96ehHcIhmzUH41nbsgi99k45+qEtD0ThIKAsbksOVn0uA==}
    cpu: [x64]
    os: [darwin]

  '@oxlint/linux-arm64-gnu@1.2.0':
    resolution: {integrity: sha512-O03yN/Sas6/vyewiq8w9YN67yY8IofTpS28H2/f1a0Cb83Z7RbEzkWvsswq0erTHA0ctwJkzHfkRSRaBOmceBQ==}
    cpu: [arm64]
    os: [linux]

  '@oxlint/linux-arm64-musl@1.2.0':
    resolution: {integrity: sha512-DO61+/vJkYRUEaVoajU2tLpVHBu3Fe8vhJ2mgxVNfOgQ7uIvHCB7wrnkHSPgABK9yROGenLWG9K6uHq3qiXj2g==}
    cpu: [arm64]
    os: [linux]

  '@oxlint/linux-x64-gnu@1.2.0':
    resolution: {integrity: sha512-i2piovvEAKYsb23/NfiGug9Gqnf+5IoNgw7pDF/N7bPIFMJlzWACQHYi5dfIzFhG23FIdAnh+BHBDK9LKK5Jkw==}
    cpu: [x64]
    os: [linux]

  '@oxlint/linux-x64-musl@1.2.0':
    resolution: {integrity: sha512-r3AjtZ7BOArWoIjyjnT6Wj3jiv2anZbeL5jsj+sUMvd8m/t7sFb18ySRqS63d4yC6Ct3OZZVLFD4MADW658ghg==}
    cpu: [x64]
    os: [linux]

  '@oxlint/win32-arm64@1.2.0':
    resolution: {integrity: sha512-a0ZJE/QlJ1JdAc5FGytjwjBzq9oIbR7y9CwbVtrvwqOBaHzB7qssI93dGPZCRE4talL3dk18L6fthd6ijvLVxg==}
    cpu: [arm64]
    os: [win32]

  '@oxlint/win32-x64@1.2.0':
    resolution: {integrity: sha512-OrWwyUCYGAnz5xDvVjCRFLp+XkQT56alXyx5kJDhDXKZzjajXwvFRFTvT3Hstu9I6bnCsqFjBcCbjQzmUBHOYw==}
    cpu: [x64]
    os: [win32]

  '@types/node@24.0.3':
    resolution: {integrity: sha512-R4I/kzCYAdRLzfiCabn9hxWfbuHS573x+r0dJMkkzThEa7pbrcDWK+9zu3e7aBOouf+rQAciqPFMnxwr0aWgKg==}

  oxlint@1.2.0:
    resolution: {integrity: sha512-zUtw37XW3fERrSJVVZfmHo35crJ7OS+Non9jk+kLtuhzEJYsbd1ORwGsnTVWy8oXEdNO/tXAUm+zVRoilEGelw==}
    engines: {node: '>=8.*'}
    hasBin: true

  typescript@5.8.3:
    resolution: {integrity: sha512-p1diW6TqL9L07nNxvRMM7hMMw4c5XOo/1ibL4aAIGmSAt9slTE1Xgw5KWuof2uTOvCg9BY7ZRi+GaF+7sfgPeQ==}
    engines: {node: '>=14.17'}
    hasBin: true

  undici-types@7.8.0:
    resolution: {integrity: sha512-9UJ2xGDvQ43tYyVMpuHlsgApydB8ZKfVYTsLDhXkFL/6gfkp+U8xTGdh8pMJv1SpZna0zxG1DwsKZsreLbXBxw==}

snapshots:

  '@anthropic-ai/claude-code@1.0.31':
    optionalDependencies:
      '@img/sharp-darwin-arm64': 0.33.5
      '@img/sharp-darwin-x64': 0.33.5
      '@img/sharp-linux-arm': 0.33.5
      '@img/sharp-linux-arm64': 0.33.5
      '@img/sharp-linux-x64': 0.33.5
      '@img/sharp-win32-x64': 0.33.5

  '@biomejs/biome@2.0.4':
    optionalDependencies:
      '@biomejs/cli-darwin-arm64': 2.0.4
      '@biomejs/cli-darwin-x64': 2.0.4
      '@biomejs/cli-linux-arm64': 2.0.4
      '@biomejs/cli-linux-arm64-musl': 2.0.4
      '@biomejs/cli-linux-x64': 2.0.4
      '@biomejs/cli-linux-x64-musl': 2.0.4
      '@biomejs/cli-win32-arm64': 2.0.4
      '@biomejs/cli-win32-x64': 2.0.4

  '@biomejs/cli-darwin-arm64@2.0.4':
    optional: true

  '@biomejs/cli-darwin-x64@2.0.4':
    optional: true

  '@biomejs/cli-linux-arm64-musl@2.0.4':
    optional: true

  '@biomejs/cli-linux-arm64@2.0.4':
    optional: true

  '@biomejs/cli-linux-x64-musl@2.0.4':
    optional: true

  '@biomejs/cli-linux-x64@2.0.4':
    optional: true

  '@biomejs/cli-win32-arm64@2.0.4':
    optional: true

  '@biomejs/cli-win32-x64@2.0.4':
    optional: true

  '@img/sharp-darwin-arm64@0.33.5':
    optionalDependencies:
      '@img/sharp-libvips-darwin-arm64': 1.0.4
    optional: true

  '@img/sharp-darwin-x64@0.33.5':
    optionalDependencies:
      '@img/sharp-libvips-darwin-x64': 1.0.4
    optional: true

  '@img/sharp-libvips-darwin-arm64@1.0.4':
    optional: true

  '@img/sharp-libvips-darwin-x64@1.0.4':
    optional: true

  '@img/sharp-libvips-linux-arm64@1.0.4':
    optional: true

  '@img/sharp-libvips-linux-arm@1.0.5':
    optional: true

  '@img/sharp-libvips-linux-x64@1.0.4':
    optional: true

  '@img/sharp-linux-arm64@0.33.5':
    optionalDependencies:
      '@img/sharp-libvips-linux-arm64': 1.0.4
    optional: true

  '@img/sharp-linux-arm@0.33.5':
    optionalDependencies:
      '@img/sharp-libvips-linux-arm': 1.0.5
    optional: true

  '@img/sharp-linux-x64@0.33.5':
    optionalDependencies:
      '@img/sharp-libvips-linux-x64': 1.0.4
    optional: true

  '@img/sharp-win32-x64@0.33.5':
    optional: true

  '@oxlint/darwin-arm64@1.2.0':
    optional: true

  '@oxlint/darwin-x64@1.2.0':
    optional: true

  '@oxlint/linux-arm64-gnu@1.2.0':
    optional: true

  '@oxlint/linux-arm64-musl@1.2.0':
    optional: true

  '@oxlint/linux-x64-gnu@1.2.0':
    optional: true

  '@oxlint/linux-x64-musl@1.2.0':
    optional: true

  '@oxlint/win32-arm64@1.2.0':
    optional: true

  '@oxlint/win32-x64@1.2.0':
    optional: true

  '@types/node@24.0.3':
    dependencies:
      undici-types: 7.8.0

  oxlint@1.2.0:
    optionalDependencies:
      '@oxlint/darwin-arm64': 1.2.0
      '@oxlint/darwin-x64': 1.2.0
      '@oxlint/linux-arm64-gnu': 1.2.0
      '@oxlint/linux-arm64-musl': 1.2.0
      '@oxlint/linux-x64-gnu': 1.2.0
      '@oxlint/linux-x64-musl': 1.2.0
      '@oxlint/win32-arm64': 1.2.0
      '@oxlint/win32-x64': 1.2.0

  typescript@5.8.3: {}

  undici-types@7.8.0: {}
